<?xml version="1.0" encoding="utf-8"?>
<Project ToolsVersion="4.0" xmlns="http://schemas.microsoft.com/developer/msbuild/2003">
  <ItemGroup>
    <Filter Include="Файлы исходного кода">
      <UniqueIdentifier>{4FC737F1-C7A5-4376-A066-2A32D752A2FF}</UniqueIdentifier>
      <Extensions>cpp;c;cc;cxx;def;odl;idl;hpj;bat;asm;asmx</Extensions>
    </Filter>
    <Filter Include="Заголовочные файлы">
      <UniqueIdentifier>{93995380-89BD-4b04-88EB-625FBE52EBFB}</UniqueIdentifier>
      <Extensions>h;hh;hpp;hxx;hm;inl;inc;xsd</Extensions>
    </Filter>
    <Filter Include="Файлы ресурсов">
      <UniqueIdentifier>{67DA6AB6-F800-4c08-8B7A-83BB121AAD01}</UniqueIdentifier>
      <Extensions>rc;ico;cur;bmp;dlg;rc2;rct;bin;rgs;gif;jpg;jpeg;jpe;resx;tiff;tif;png;wav;mfcribbon-ms</Extensions>
    </Filter>
  </ItemGroup>
  <ItemGroup>
    <Text Include="ReadMe.txt" />
  </ItemGroup>
  <ItemGroup>
    <ClCompile Include="asmjit\base\assembler.cpp">
      <Filter>Файлы исходного кода</Filter>
    </ClCompile>
    <ClCompile Include="asmjit\base\compiler.cpp">
      <Filter>Файлы исходного кода</Filter>
    </ClCompile>
    <ClCompile Include="asmjit\base\compilercontext.cpp">
      <Filter>Файлы исходного кода</Filter>
    </ClCompile>
    <ClCompile Include="asmjit\base\constpool.cpp">
      <Filter>Файлы исходного кода</Filter>
    </ClCompile>
    <ClCompile Include="asmjit\base\containers.cpp">
      <Filter>Файлы исходного кода</Filter>
    </ClCompile>
    <ClCompile Include="asmjit\base\cpuinfo.cpp">
      <Filter>Файлы исходного кода</Filter>
    </ClCompile>
    <ClCompile Include="asmjit\base\globals.cpp">
      <Filter>Файлы исходного кода</Filter>
    </ClCompile>
    <ClCompile Include="asmjit\base\hlstream.cpp">
      <Filter>Файлы исходного кода</Filter>
    </ClCompile>
    <ClCompile Include="asmjit\base\logger.cpp">
      <Filter>Файлы исходного кода</Filter>
    </ClCompile>
    <ClCompile Include="asmjit\base\operand.cpp">
      <Filter>Файлы исходного кода</Filter>
    </ClCompile>
    <ClCompile Include="asmjit\base\podvector.cpp">
      <Filter>Файлы исходного кода</Filter>
    </ClCompile>
    <ClCompile Include="asmjit\base\runtime.cpp">
      <Filter>Файлы исходного кода</Filter>
    </ClCompile>
    <ClCompile Include="asmjit\base\utils.cpp">
      <Filter>Файлы исходного кода</Filter>
    </ClCompile>
    <ClCompile Include="asmjit\base\vmem.cpp">
      <Filter>Файлы исходного кода</Filter>
    </ClCompile>
    <ClCompile Include="asmjit\base\zone.cpp">
      <Filter>Файлы исходного кода</Filter>
    </ClCompile>
    <ClCompile Include="asmjit\x86\x86assembler.cpp">
      <Filter>Файлы исходного кода</Filter>
    </ClCompile>
    <ClCompile Include="asmjit\x86\x86compiler.cpp">
      <Filter>Файлы исходного кода</Filter>
    </ClCompile>
    <ClCompile Include="asmjit\x86\x86compilercontext.cpp">
      <Filter>Файлы исходного кода</Filter>
    </ClCompile>
    <ClCompile Include="asmjit\x86\x86compilerfunc.cpp">
      <Filter>Файлы исходного кода</Filter>
    </ClCompile>
    <ClCompile Include="asmjit\x86\x86inst.cpp">
      <Filter>Файлы исходного кода</Filter>
    </ClCompile>
    <ClCompile Include="asmjit\x86\x86operand.cpp">
      <Filter>Файлы исходного кода</Filter>
    </ClCompile>
    <ClCompile Include="asmjit\x86\x86operand_regs.cpp">
      <Filter>Файлы исходного кода</Filter>
    </ClCompile>
    <ClCompile Include="BreakPoints\AwBreakPoint.cpp">
      <Filter>Файлы исходного кода</Filter>
    </ClCompile>
    <ClCompile Include="BreakPoints\BP.cpp">
      <Filter>Файлы исходного кода</Filter>
    </ClCompile>
    <ClCompile Include="Mhook\disasm-lib\cpu.c">
      <Filter>Файлы исходного кода</Filter>
    </ClCompile>
    <ClCompile Include="Mhook\disasm-lib\disasm.c">
      <Filter>Файлы исходного кода</Filter>
    </ClCompile>
    <ClCompile Include="Mhook\disasm-lib\disasm_x86.c">
      <Filter>Файлы исходного кода</Filter>
    </ClCompile>
    <ClCompile Include="Mhook\disasm-lib\misc.c">
      <Filter>Файлы исходного кода</Filter>
    </ClCompile>
    <ClCompile Include="Mhook\mhook-lib\mhook.cpp">
      <Filter>Файлы исходного кода</Filter>
    </ClCompile>
    <ClCompile Include="Patcher.cpp">
      <Filter>Файлы исходного кода</Filter>
    </ClCompile>
    <ClCompile Include="Info.cpp">
      <Filter>Файлы исходного кода</Filter>
    </ClCompile>
    <ClCompile Include="Tools.cpp">
      <Filter>Файлы исходного кода</Filter>
    </ClCompile>
    <ClCompile Include="Hotkeys.cpp">
      <Filter>Файлы исходного кода</Filter>
    </ClCompile>
  </ItemGroup>
  <ItemGroup>
    <ClInclude Include="asmjit\base\assembler.h">
      <Filter>Заголовочные файлы</Filter>
    </ClInclude>
    <ClInclude Include="asmjit\base\compiler.h">
      <Filter>Заголовочные файлы</Filter>
    </ClInclude>
    <ClInclude Include="asmjit\base\compilercontext_p.h">
      <Filter>Заголовочные файлы</Filter>
    </ClInclude>
    <ClInclude Include="asmjit\base\compilerfunc.h">
      <Filter>Заголовочные файлы</Filter>
    </ClInclude>
    <ClInclude Include="asmjit\base\constpool.h">
      <Filter>Заголовочные файлы</Filter>
    </ClInclude>
    <ClInclude Include="asmjit\base\containers.h">
      <Filter>Заголовочные файлы</Filter>
    </ClInclude>
    <ClInclude Include="asmjit\base\cpuinfo.h">
      <Filter>Заголовочные файлы</Filter>
    </ClInclude>
    <ClInclude Include="asmjit\base\globals.h">
      <Filter>Заголовочные файлы</Filter>
    </ClInclude>
    <ClInclude Include="asmjit\base\hlstream.h">
      <Filter>Заголовочные файлы</Filter>
    </ClInclude>
    <ClInclude Include="asmjit\base\logger.h">
      <Filter>Заголовочные файлы</Filter>
    </ClInclude>
    <ClInclude Include="asmjit\base\operand.h">
      <Filter>Заголовочные файлы</Filter>
    </ClInclude>
    <ClInclude Include="asmjit\base\podvector.h">
      <Filter>Заголовочные файлы</Filter>
    </ClInclude>
    <ClInclude Include="asmjit\base\runtime.h">
      <Filter>Заголовочные файлы</Filter>
    </ClInclude>
    <ClInclude Include="asmjit\base\utils.h">
      <Filter>Заголовочные файлы</Filter>
    </ClInclude>
    <ClInclude Include="asmjit\base\vectypes.h">
      <Filter>Заголовочные файлы</Filter>
    </ClInclude>
    <ClInclude Include="asmjit\base\vmem.h">
      <Filter>Заголовочные файлы</Filter>
    </ClInclude>
    <ClInclude Include="asmjit\base\zone.h">
      <Filter>Заголовочные файлы</Filter>
    </ClInclude>
    <ClInclude Include="asmjit\x86\x86assembler.h">
      <Filter>Заголовочные файлы</Filter>
    </ClInclude>
    <ClInclude Include="asmjit\x86\x86compiler.h">
      <Filter>Заголовочные файлы</Filter>
    </ClInclude>
    <ClInclude Include="asmjit\x86\x86compilercontext_p.h">
      <Filter>Заголовочные файлы</Filter>
    </ClInclude>
    <ClInclude Include="asmjit\x86\x86compilerfunc.h">
      <Filter>Заголовочные файлы</Filter>
    </ClInclude>
    <ClInclude Include="asmjit\x86\x86inst.h">
      <Filter>Заголовочные файлы</Filter>
    </ClInclude>
    <ClInclude Include="asmjit\x86\x86operand.h">
      <Filter>Заголовочные файлы</Filter>
    </ClInclude>
    <ClInclude Include="asmjit\apibegin.h">
      <Filter>Заголовочные файлы</Filter>
    </ClInclude>
    <ClInclude Include="asmjit\apiend.h">
      <Filter>Заголовочные файлы</Filter>
    </ClInclude>
    <ClInclude Include="asmjit\arm.h">
      <Filter>Заголовочные файлы</Filter>
    </ClInclude>
    <ClInclude Include="asmjit\asmjit.h">
      <Filter>Заголовочные файлы</Filter>
    </ClInclude>
    <ClInclude Include="asmjit\base.h">
      <Filter>Заголовочные файлы</Filter>
    </ClInclude>
    <ClInclude Include="asmjit\build.h">
      <Filter>Заголовочные файлы</Filter>
    </ClInclude>
    <ClInclude Include="asmjit\host.h">
      <Filter>Заголовочные файлы</Filter>
    </ClInclude>
    <ClInclude Include="asmjit\x86.h">
      <Filter>Заголовочные файлы</Filter>
    </ClInclude>
    <ClInclude Include="BreakPoints\AwBreakPoint.h">
      <Filter>Заголовочные файлы</Filter>
    </ClInclude>
    <ClInclude Include="BreakPoints\BP.h">
      <Filter>Заголовочные файлы</Filter>
    </ClInclude>
    <ClInclude Include="Mhook\disasm-lib\cpu.h">
      <Filter>Заголовочные файлы</Filter>
    </ClInclude>
    <ClInclude Include="Mhook\disasm-lib\disasm.h">
      <Filter>Заголовочные файлы</Filter>
    </ClInclude>
    <ClInclude Include="Mhook\disasm-lib\disasm_x86.h">
      <Filter>Заголовочные файлы</Filter>
    </ClInclude>
    <ClInclude Include="Mhook\disasm-lib\disasm_x86_tables.h">
      <Filter>Заголовочные файлы</Filter>
    </ClInclude>
    <ClInclude Include="Mhook\disasm-lib\misc.h">
      <Filter>Заголовочные файлы</Filter>
    </ClInclude>
    <ClInclude Include="Mhook\mhook-lib\mhook.h">
      <Filter>Заголовочные файлы</Filter>
    </ClInclude>
    <ClInclude Include="Patcher.h">
      <Filter>Заголовочные файлы</Filter>
    </ClInclude>
    <ClInclude Include="Info.h">
      <Filter>Заголовочные файлы</Filter>
    </ClInclude>
    <ClInclude Include="Tools.h">
      <Filter>Заголовочные файлы</Filter>
    </ClInclude>
    <ClInclude Include="Hider.h">
      <Filter>Заголовочные файлы</Filter>
    </ClInclude>
    <ClInclude Include="Hotkeys.h">
      <Filter>Заголовочные файлы</Filter>
    </ClInclude>
  </ItemGroup>
</Project>